---
title: printDynamicBlock方法测试数据
desc: 为blockZen::printDynamicBlock()方法提供action表测试数据

fields:
- field: id
  note: 动态ID
  range: 1-30
  prefix: ""
  postfix: ""
  loop: 0
  format: ""

- field: objectType
  note: 对象类型
  range: story{5}, task{5}, bug{8}, project{5}, product{5}, execution{2}
  prefix: ""
  postfix: ""
  loop: 0
  format: ""

- field: objectID
  note: 对象ID
  range: 1-10
  prefix: ""
  postfix: ""
  loop: 0
  format: ""

- field: product
  note: 产品ID
  range: '1{5}, 2{5}, 3{5}, 4{5}, 5{10}'
  prefix: ","
  postfix: ","
  loop: 0
  format: ""

- field: project
  note: 项目ID
  range: 1-30
  prefix: ""
  postfix: ""
  loop: 0
  format: ""

- field: execution
  note: 执行ID
  range: 1-15
  prefix: ""
  postfix: ""
  loop: 0
  format: ""

- field: actor
  note: 操作者账号
  range: admin{8}, user1{6}, user2{6}, user3{5}, user4{3}, user5{2}
  prefix: ""
  postfix: ""
  loop: 0
  format: ""

- field: action
  note: 操作类型
  range: opened{5}, edited{5}, closed{8}, created{5}, updated{5}, deleted{2}
  prefix: ""
  postfix: ""
  loop: 0
  format: ""

- field: date
  note: 操作时间
  range: '2025-09-13 10:00:00{30}'
  prefix: ""
  postfix: ""
  loop: 0
  format: ""

- field: comment
  note: 操作备注
  range: 这是一个测试动态{15}, 系统自动生成的动态{10}, 用户操作产生的动态{5}
  prefix: ""
  postfix: ""
  loop: 0
  format: ""

- field: extra
  note: 额外信息
  range: '1{20}, 2{5}, 33{5}'
  prefix: ""
  postfix: ""
  loop: 0
  format: ""

- field: read
  note: 是否已读
  range: 0{15}, 1{15}
  prefix: ""
  postfix: ""
  loop: 0
  format: ""