---
title: 区块数据定义 - printExecutionListBlock测试
desc: 为printExecutionListBlock方法测试提供区块数据
author: claude
version: 1.0

fields:
- field: id
  note: 区块ID
  range: 1-5
  prefix: ""
  postfix: ""
  loop: 0
  format: ""
- field: account
  note: 用户账号
  range: admin
  prefix: ""
  postfix: ""
  loop: 0
  format: ""
- field: dashboard
  note: 仪表板类型
  range: project{3},my{2}
  prefix: ""
  postfix: ""
  loop: 0
  format: ""
- field: module
  note: 模块名称
  range: block
  prefix: ""
  postfix: ""
  loop: 0
  format: ""
- field: title
  note: 区块标题
  range: 执行列表区块1,执行列表区块2,执行列表区块3,执行列表区块4,执行列表区块5
  prefix: ""
  postfix: ""
  loop: 0
  format: ""
- field: block
  note: 区块类型
  range: executionlist
  prefix: ""
  postfix: ""
  loop: 0
  format: ""
- field: code
  note: 区块代码
  range: executionlist
  prefix: ""
  postfix: ""
  loop: 0
  format: ""
- field: width
  note: 宽度
  range: 1,2,3
  prefix: ""
  postfix: ""
  loop: 0
  format: ""
- field: height
  note: 高度
  range: 3,4,5
  prefix: ""
  postfix: ""
  loop: 0
  format: ""
- field: left
  note: 左边距
  range: 0,1,2
  prefix: ""
  postfix: ""
  loop: 0
  format: ""
- field: top
  note: 上边距
  range: 0,1,2,3,4
  prefix: ""
  postfix: ""
  loop: 0
  format: ""
- field: params
  note: 参数配置
  range: '{}','{\"type\":\"doing\",\"count\":10}','{\"type\":\"wait\",\"count\":5}','{\"count\":15}','{\"type\":\"all\"}'
  prefix: ""
  postfix: ""
  loop: 0
  format: ""
- field: hidden
  note: 是否隐藏
  range: 0
  prefix: ""
  postfix: ""
  loop: 0
  format: ""
- field: vision
  note: 视图类型
  range: rnd
  prefix: ""
  postfix: ""
  loop: 0
  format: ""