---
title: 文档浏览排行区块测试数据
desc: 用于测试printDocViewListBlock方法的文档数据

fields:
- field: id
  note: 文档ID
  range: 1-100
  prefix: ""
  postfix: ""
  loop: 0
  format: ""
- field: vision
  note: 版本类型
  range: rnd{90},lite{10}
- field: project
  note: 项目ID
  range: 0{20},1-20
- field: product
  note: 产品ID
  range: 0{30},1-10
- field: execution
  note: 执行ID
  range: 0{50},1-15
- field: lib
  note: 文档库ID
  range: 1-20
- field: template
  note: 模板
  range: "[]{80},template1{10},template2{10}"
- field: templateType
  note: 模板类型
  range: "[]{80},word{10},excel{10}"
- field: chapterType
  note: 章节类型
  range: "[]{80},chapter{20}"
- field: module
  note: 模块
  range: 0{60},1-10
- field: title
  note: 文档标题
  range: "测试文档{20},用户手册{15},技术文档{10},项目说明{15},需求文档{10},设计文档{10},API文档{20}"
- field: keywords
  note: 关键词
  range: "test{30},用户{20},技术{15},项目{15},需求{10},设计{10}"
- field: type
  note: 文档类型
  range: text{60},url{20},file{20}
- field: status
  note: 状态
  range: normal{80},draft{20}
- field: parent
  note: 父级ID
  range: 0{80},1-10
- field: path
  note: 路径
  range: ",1,{20},1,2,{15},1,3,{15},2,4,{20},3,5,{30}"
- field: grade
  note: 等级
  range: 1{60},2{25},3{15}
- field: order
  note: 排序
  range: 1-100
- field: views
  note: 浏览次数
  range: 0-1000
- field: assetLib
  note: 资产库ID
  range: 0{90},1-10
- field: collector
  note: 收藏者
  range: "[]{70},admin{15},user1{10},user2{5}"
- field: addedBy
  note: 创建者
  range: admin{30},user1{20},user2{20},user3{15},user4{15}
- field: addedDate
  note: 创建时间
  range: "(-30d)-(-1d)"
  type: timestamp
  format: YYYY-MM-DD hh:mm:ss
- field: editedBy
  note: 编辑者
  range: admin{30},user1{20},user2{20},user3{15},user4{15}
- field: editedDate
  note: 编辑时间
  range: "(-15d)-(+0d)"
  type: timestamp
  format: YYYY-MM-DD hh:mm:ss
- field: editedList
  note: 编辑列表
  range: "[]{80},admin,user1{10},user2,user3{10}"
- field: acl
  note: 访问控制
  range: open{60},private{30},custom{10}
- field: groups
  note: 分组
  range: "[]{70},1{15},2{10},1,2{5}"
- field: users
  note: 用户
  range: "[]{60},admin{20},user1{10},admin,user1{10}"
- field: version
  note: 版本号
  range: 1{80},2{15},3{5}
- field: deleted
  note: 是否删除
  range: 0{95},1{5}