---
title: Product data for printSingleBugStatisticBlock test
desc: Product测试数据，用于测试printSingleBugStatisticBlock方法

fields:
- field: id
  note: 产品ID
  range: 1-10
  prefix: ""
  postfix: ""
  loop: 0
  format: ""
- field: program
  note: 项目集ID
  range: 0
  prefix: ""
  postfix: ""
  loop: 0
  format: ""
- field: name
  note: 产品名称
  range: '["产品A", "产品B", "产品C", "测试产品", "Demo产品", "项目产品", "系统产品", "开发产品", "运维产品", "业务产品"]'
  prefix: ""
  postfix: ""
  loop: 0
  format: ""
- field: code
  note: 产品代码
  range: '["PROD_A", "PROD_B", "PROD_C", "TEST_PROD", "DEMO_PROD", "PROJ_PROD", "SYS_PROD", "DEV_PROD", "OPS_PROD", "BIZ_PROD"]'
  prefix: ""
  postfix: ""
  loop: 0
  format: ""
- field: shadow
  note: 影子产品
  range: 0{9},1{1}
  prefix: ""
  postfix: ""
  loop: 0
  format: ""
- field: bind
  note: 绑定项目
  range: '0'
  prefix: ""
  postfix: ""
  loop: 0
  format: ""
- field: line
  note: 产品线ID
  range: 0{8},1{1},2{1}
  prefix: ""
  postfix: ""
  loop: 0
  format: ""
- field: type
  note: 产品类型
  range: normal{8},branch{1},platform{1}
  prefix: ""
  postfix: ""
  loop: 0
  format: ""
- field: status
  note: 产品状态
  range: normal{8},closed{1},closed{1}
  prefix: ""
  postfix: ""
  loop: 0
  format: ""
- field: subStatus
  note: 子状态
  range: '""'
  prefix: ""
  postfix: ""
  loop: 0
  format: ""
- field: desc
  note: 产品描述
  range: '["这是产品A的描述", "这是产品B的描述", "这是产品C的描述", "测试产品描述", "Demo产品描述", "项目产品描述", "系统产品描述", "开发产品描述", "运维产品描述", "业务产品描述"]'
  prefix: ""
  postfix: ""
  loop: 0
  format: ""
- field: PO
  note: 产品负责人
  range: admin{5},user1{2},user2{2},user3{1}
  prefix: ""
  postfix: ""
  loop: 0
  format: ""
- field: QD
  note: 测试负责人
  range: admin{3},user1{3},user2{2},user3{2}
  prefix: ""
  postfix: ""
  loop: 0
  format: ""
- field: RD
  note: 发布负责人
  range: admin{4},user1{2},user2{2},user3{2}
  prefix: ""
  postfix: ""
  loop: 0
  format: ""
- field: feedback
  note: 反馈负责人
  range: admin{2},user1{3},user2{3},user3{2}
  prefix: ""
  postfix: ""
  loop: 0
  format: ""
- field: acl
  note: 访问控制
  range: open{8},private{1},custom{1}
  prefix: ""
  postfix: ""
  loop: 0
  format: ""
- field: whitelist
  note: 白名单
  range: '""'
  prefix: ""
  postfix: ""
  loop: 0
  format: ""
- field: createdBy
  note: 创建者
  range: admin{5},user1{2},user2{2},user3{1}
  prefix: ""
  postfix: ""
  loop: 0
  format: ""
- field: createdDate
  note: 创建时间
  range: (2023-01-01)-(2024-12-31):30D
  type: timestamp
  format: YYYY-MM-DD hh:mm:ss
- field: createdVersion
  note: 创建版本
  range: '["v1.0", "v1.1", "v1.2", "v2.0", "v2.1", "v2.2", "v3.0", "v3.1", "v3.2", "v4.0"]'
  prefix: ""
  postfix: ""
  loop: 0
  format: ""
- field: order
  note: 排序
  range: 0{5},5{2},10{2},15{1}
  prefix: ""
  postfix: ""
  loop: 0
  format: ""
- field: vision
  note: 界面
  range: rnd{10}
  prefix: ""
  postfix: ""
  loop: 0
  format: ""
- field: deleted
  note: 删除标记
  range: '0'
  prefix: ""
  postfix: ""
  loop: 0
  format: ""