---
title: 年度工作量报表产品数据
desc: 用于测试printAnnualWorkloadBlock方法的产品测试数据
author: Claude
version: 1.0

fields:
- field: id
  note: 产品ID
  range: 1-5
- field: program
  note: 项目集ID
  range: 0
- field: name
  note: 产品名称
  range: 正常产品1,正常产品2,正常产品3,正常产品4,正常产品5
- field: code
  note: 产品代号
  range: product1,product2,product3,product4,product5
- field: shadow
  note: 影子产品
  range: 0
- field: bind
  note: 绑定
  range: 0
- field: line
  note: 产品线
  range: 0
- field: type
  note: 产品类型
  range: normal
- field: status
  note: 产品状态
  range: normal
- field: subStatus
  note: 子状态
  range: ""
- field: desc
  note: 产品描述
  range: 这是{产品名称}的描述
- field: PO
  note: 产品负责人
  range: admin,user1,user2,user3,user4
- field: QD
  note: 测试负责人
  range: admin,user1,user2,user3,user4
- field: RD
  note: 发布负责人
  range: admin,user1,user2,user3,user4
- field: feedback
  note: 反馈处理人
  range: admin
- field: ticket
  note: 工单处理人
  range: admin
- field: workflowGroup
  note: 工作流分组
  range: 0
- field: acl
  note: 访问控制
  range: open
- field: groups
  note: 分组权限
  range: ""
- field: whitelist
  note: 白名单
  range: ""
- field: reviewer
  note: 评审人
  range: ""
- field: PMT
  note: 项目管理团队
  range: ""
- field: draftEpics
  note: 草稿史诗数量
  range: 0-3
- field: activeEpics
  note: 激活史诗数量
  range: 1-5
- field: changingEpics
  note: 变更史诗数量
  range: 0-2
- field: reviewingEpics
  note: 评审史诗数量
  range: 0-1
- field: finishedEpics
  note: 完成史诗数量
  range: 2-8
- field: closedEpics
  note: 关闭史诗数量
  range: 0-3
- field: totalEpics
  note: 总史诗数量
  range: 5-15
- field: draftRequirements
  note: 草稿需求数量
  range: 0-5
- field: activeRequirements
  note: 激活需求数量
  range: 3-10
- field: changingRequirements
  note: 变更需求数量
  range: 0-2
- field: reviewingRequirements
  note: 评审需求数量
  range: 0-3
- field: closedRequirements
  note: 关闭需求数量
  range: 1-5
- field: totalRequirements
  note: 总需求数量
  range: 8-20
- field: draftStories
  note: 草稿需求数量
  range: 0-10
- field: activeStories
  note: 激活需求数量
  range: 5-20
- field: changingStories
  note: 变更需求数量
  range: 0-5
- field: reviewingStories
  note: 评审需求数量
  range: 0-8
- field: draftStories
  note: 草稿需求数量
  range: 0-3
- field: closedStories
  note: 关闭需求数量
  range: 2-15
- field: totalStories
  note: 总需求数量
  range: 10-50
- field: plans
  note: 计划数量
  range: 1-5
- field: releases
  note: 发布数量
  range: 0-3
- field: builds
  note: 版本数量
  range: 1-10
- field: cases
  note: 用例数量
  range: 5-50
- field: projects
  note: 项目数量
  range: 1-8
- field: executions
  note: 执行数量
  range: 1-10
- field: bugs
  note: Bug数量
  range: 2-30
- field: docs
  note: 文档数量
  range: 0-15
- field: progress
  note: 进度
  range: 0.1-0.9:0.1
- field: createdBy
  note: 创建者
  range: admin
- field: createdDate
  note: 创建时间
  range: (-1Y)-(-6M):30D
  format: YYYY-MM-DD hh:mm:ss
- field: editedBy
  note: 编辑者
  range: admin,user1,user2
- field: editedDate
  note: 编辑时间
  range: (-3M)-(w):7D
  format: YYYY-MM-DD hh:mm:ss
- field: deleted
  note: 删除标记
  range: 0
- field: order
  note: 排序
  range: 1-5