---
title: 项目数据定义 - printExecutionListBlock测试
desc: 为printExecutionListBlock方法测试提供项目数据
author: claude
version: 1.0

fields:
- field: id
  note: 项目ID
  range: 1-10
  prefix: ""
  postfix: ""
  loop: 0
  format: ""
- field: name
  note: 项目名称
  range: 执行测试项目1,执行测试项目2,执行测试项目3,执行测试项目4,执行测试项目5,执行测试项目6,执行测试项目7,执行测试项目8,执行测试项目9,执行测试项目10
  prefix: ""
  postfix: ""
  loop: 0
  format: ""
- field: type
  note: 项目类型
  range: sprint{5},stage{3},kanban{2}
  prefix: ""
  postfix: ""
  loop: 0
  format: ""
- field: status
  note: 项目状态
  range: wait{3},doing{4},suspended{1},done{2}
  prefix: ""
  postfix: ""
  loop: 0
  format: ""
- field: project
  note: 父项目ID
  range: 0
  prefix: ""
  postfix: ""
  loop: 0
  format: ""
- field: parent
  note: 父级ID
  range: 0
  prefix: ""
  postfix: ""
  loop: 0
  format: ""
- field: grade
  note: 等级
  range: 1
  prefix: ""
  postfix: ""
  loop: 0
  format: ""
- field: path
  note: 路径
  range: ",1,",",2,",",3,",",4,",",5,",",6,",",7,",",8,",",9,",",10,"
  prefix: ""
  postfix: ""
  loop: 0
  format: ""
- field: begin
  note: 开始时间
  range: 2024-01-01,2024-02-01,2024-03-01,2024-04-01,2024-05-01,2024-06-01,2024-07-01,2024-08-01,2024-09-01,2024-10-01
  prefix: ""
  postfix: ""
  loop: 0
  format: ""
- field: end
  note: 结束时间
  range: 2024-03-31,2024-04-30,2024-05-31,2024-06-30,2024-07-31,2024-08-31,2024-09-30,2024-10-31,2024-11-30,2024-12-31
  prefix: ""
  postfix: ""
  loop: 0
  format: ""
- field: openedBy
  note: 创建者
  range: admin
  prefix: ""
  postfix: ""
  loop: 0
  format: ""
- field: openedDate
  note: 创建时间
  range: 2024-01-01 09:00:00
  prefix: ""
  postfix: ""
  loop: 0
  format: ""
- field: deleted
  note: 是否删除
  range: 0
  prefix: ""
  postfix: ""
  loop: 0
  format: ""