---
title: printProjectDynamicBlock方法用户测试数据
desc: 为blockZen::printProjectDynamicBlock()方法提供user表测试数据

fields:
- field: id
  note: 用户ID
  range: 1-10
  prefix: ""
  postfix: ""
  loop: 0
  format: ""

- field: company
  note: 公司ID
  range: 1{10}
  prefix: ""
  postfix: ""
  loop: 0
  format: ""

- field: type
  note: 用户类型
  range: inside{8}, outside{2}
  prefix: ""
  postfix: ""
  loop: 0
  format: ""

- field: dept
  note: 部门ID
  range: 1{4}, 2{3}, 3{3}
  prefix: ""
  postfix: ""
  loop: 0
  format: ""

- field: account
  note: 用户账号
  range: admin, user1, user2, user3, user4, user5, user6, user7, user8, user9
  prefix: ""
  postfix: ""
  loop: 0
  format: ""

- field: password
  note: 密码
  range: e10adc3949ba59abbe56e057f20f883e{10}
  prefix: ""
  postfix: ""
  loop: 0
  format: ""

- field: role
  note: 角色
  range: admin{1}, dev{4}, qa{2}, pm{2}, po{1}
  prefix: ""
  postfix: ""
  loop: 0
  format: ""

- field: realname
  note: 真实姓名
  range: 管理员, 张开发1, 张开发2, 李开发3, 王开发4, 赵测试1, 孙测试2, 刘项目1, 陈产品1, 周用户1
  prefix: ""
  postfix: ""
  loop: 0
  format: ""

- field: pinyin
  note: 拼音
  range: guanliyuan, zhangkaifa1, zhangkaifa2, likaifa3, wangkaifa4, zhaoceshi1, sunceshi2, liuxiangmu1, chenchanpin1, zhouyonghu1
  prefix: ""
  postfix: ""
  loop: 0
  format: ""

- field: gender
  note: 性别
  range: m{6}, f{4}
  prefix: ""
  postfix: ""
  loop: 0
  format: ""

- field: email
  note: 邮箱
  fields:
    - field: username
      range: admin, user1, user2, user3, user4, user5, user6, user7, user8, user9
    - field: domain
      range: '@test.com{10}'

- field: phone
  note: 电话
  range: 138000000{1}, 139000000{2}, 150000000{3}, 186000000{4}
  prefix: ""
  postfix: ""
  loop: 0
  format: ""

- field: address
  note: 地址
  range: 北京市{3}, 上海市{3}, 广州市{2}, 深圳市{2}
  prefix: ""
  postfix: ""
  loop: 0
  format: ""

- field: deleted
  note: 是否删除
  range: 0{10}
  prefix: ""
  postfix: ""
  loop: 0
  format: ""

- field: locked
  note: 是否锁定
  range: '0000-00-00 00:00:00{10}'
  prefix: ""
  postfix: ""
  loop: 0
  format: ""