title: table zt_block
desc: ""
author: automated export
version: "1.0"
fields:
  - field: id
    note: ""
    prefix: ""
    postfix: ""
    loop: 0
    loopfix: ""
    format: ""
  - field: account
    note: ""
    prefix: ""
    postfix: ""
    loop: 0
    loopfix: ""
    format: ""
  - field: module
    note: ""
    prefix: ""
    postfix: ""
    loop: 0
    loopfix: ""
    format: ""
  - field: title
    note: ""
    prefix: ""
    postfix: ""
    loop: 0
    loopfix: ""
    format: ""
  - field: source
    note: ""
    prefix: ""
    postfix: ""
    loop: 0
    loopfix: ""
    format: ""
  - field: block
    note: ""
    prefix: ""
    postfix: ""
    loop: 0
    loopfix: ""
    format: ""
  - field: params
    note: ""
    prefix: ""
    postfix: ""
    loop: 0
    loopfix: ""
    format: ""
  - field: order
    note: ""
    prefix: ""
    postfix: ""
    loop: 0
    loopfix: ""
    format: ""
  - field: grid
    note: ""
    prefix: ""
    postfix: ""
    loop: 0
    loopfix: ""
    format: ""
  - field: height
    note: ""
    prefix: ""
    postfix: ""
    loop: 0
    loopfix: ""
    format: ""
  - field: hidden
    note: ""
    prefix: ""
    postfix: ""
    loop: 0
    loopfix: ""
    format: ""
