title: table zt_block
desc: "区块"
author: automated export
version: "1.0"
fields:
  - field: id
    note: "Id"
    range: 1-10000
    prefix: ""
    postfix: ""
    loop: 0
    format: ""
  - field: account
    note: "所属用户"
    from: common.user.v1.yaml
    use: user
    prefix: ""
    postfix: ""
    loop: 0
    format: ""
  - field: module
    note: "所属模块"
    range: product,project,qa,my
    prefix: ""
    postfix: ""
    loop: 0
    format: ""
  - field: title
    note: "区块名称"
    range: 1-10000
    prefix: "这是区块名称"
    postfix: ""
    loop: 0
    format: ""
  - field: source
    range: 0,todo,project,qa,product
    note: "来源模块"
    prefix: ""
    postfix: ""
    loop: 0
    format: ""
  - field: block
    note: "来源区块"
    range: product,project,qa,todo,assigntome,dynamic,flowchart,welcome,html,statistic,overview,list,story,plan,release,task,build,bug,case,testtask
    prefix: ""
    postfix: ""
    loop: 0
    format: ""
  - field: params
    note: "设置参数"
    range: 1-10000
    prefix: "这是json格式参数"
    postfix: ""
    loop: 0
    format: ""
  - field: order
    note: "排序"
    range: 1-100
    prefix: ""
    postfix: ""
    loop: 0
    format: ""
  - field: grid
    note: "位置"
    range: 8,4
    prefix: ""
    postfix: ""
    loop: 0
    format: ""
  - field: height
    note: "高度"
    range: 0
    prefix: ""
    postfix: ""
    loop: 0
    format: ""
  - field: hidden
    note: "隐藏"
    range: 0
    prefix: ""
    postfix: ""
    loop: 0
    format: ""
